
Microsoft Visual Studio Solution File, Format Version 12.00
# Visual Studio 14
VisualStudioVersion = 14.0.25420.1
MinimumVisualStudioVersion = 10.0.40219.1
Project("{8BC9CEB8-8B4A-11D0-8D11-00A0C91BC942}") = "tcpClient", "tcpClient\tcpClient.vcxproj", "{557CC55B-B551-440C-AD1C-C5C5FC0D7442}"
EndProject
Project("{8BC9CEB8-8B4A-11D0-8D11-00A0C91BC942}") = "tcpControl", "tcpControl\tcpControl.vcxproj", "{3AB30F72-D41B-4348-BBF5-F7CEC3ECFEF3}"
EndProject
Project("{8BC9CEB8-8B4A-11D0-8D11-00A0C91BC942}") = "tcpServer", "tcpServer\tcpServer.vcxproj", "{257BBC88-5F9D-4C4C-AA66-5507A8A1F95A}"
EndProject
Project("{8BC9CEB8-8B4A-11D0-8D11-00A0C91BC942}") = "udpClient", "udpClient\udpClient.vcxproj", "{A9705034-6F66-4AD4-8066-F9012F1C8C59}"
EndProject
Project("{8BC9CEB8-8B4A-11D0-8D11-00A0C91BC942}") = "udpServer", "udpServer\udpServer.vcxproj", "{DF56A83E-FAE4-4F9A-A046-2EFCD000362E}"
EndProject
Global
	GlobalSection(SolutionConfigurationPlatforms) = preSolution
		Debug|x64 = Debug|x64
		Debug|x86 = Debug|x86
		Release|x64 = Release|x64
		Release|x86 = Release|x86
	EndGlobalSection
	GlobalSection(ProjectConfigurationPlatforms) = postSolution
		{557CC55B-B551-440C-AD1C-C5C5FC0D7442}.Debug|x64.ActiveCfg = Debug|x64
		{557CC55B-B551-440C-AD1C-C5C5FC0D7442}.Debug|x64.Build.0 = Debug|x64
		{557CC55B-B551-440C-AD1C-C5C5FC0D7442}.Debug|x86.ActiveCfg = Debug|Win32
		{557CC55B-B551-440C-AD1C-C5C5FC0D7442}.Debug|x86.Build.0 = Debug|Win32
		{557CC55B-B551-440C-AD1C-C5C5FC0D7442}.Release|x64.ActiveCfg = Release|x64
		{557CC55B-B551-440C-AD1C-C5C5FC0D7442}.Release|x64.Build.0 = Release|x64
		{557CC55B-B551-440C-AD1C-C5C5FC0D7442}.Release|x86.ActiveCfg = Release|Win32
		{557CC55B-B551-440C-AD1C-C5C5FC0D7442}.Release|x86.Build.0 = Release|Win32
		{3AB30F72-D41B-4348-BBF5-F7CEC3ECFEF3}.Debug|x64.ActiveCfg = Debug|x64
		{3AB30F72-D41B-4348-BBF5-F7CEC3ECFEF3}.Debug|x64.Build.0 = Debug|x64
		{3AB30F72-D41B-4348-BBF5-F7CEC3ECFEF3}.Debug|x86.ActiveCfg = Debug|Win32
		{3AB30F72-D41B-4348-BBF5-F7CEC3ECFEF3}.Debug|x86.Build.0 = Debug|Win32
		{3AB30F72-D41B-4348-BBF5-F7CEC3ECFEF3}.Release|x64.ActiveCfg = Release|x64
		{3AB30F72-D41B-4348-BBF5-F7CEC3ECFEF3}.Release|x64.Build.0 = Release|x64
		{3AB30F72-D41B-4348-BBF5-F7CEC3ECFEF3}.Release|x86.ActiveCfg = Release|Win32
		{3AB30F72-D41B-4348-BBF5-F7CEC3ECFEF3}.Release|x86.Build.0 = Release|Win32
		{257BBC88-5F9D-4C4C-AA66-5507A8A1F95A}.Debug|x64.ActiveCfg = Debug|x64
		{257BBC88-5F9D-4C4C-AA66-5507A8A1F95A}.Debug|x64.Build.0 = Debug|x64
		{257BBC88-5F9D-4C4C-AA66-5507A8A1F95A}.Debug|x86.ActiveCfg = Debug|Win32
		{257BBC88-5F9D-4C4C-AA66-5507A8A1F95A}.Debug|x86.Build.0 = Debug|Win32
		{257BBC88-5F9D-4C4C-AA66-5507A8A1F95A}.Release|x64.ActiveCfg = Release|x64
		{257BBC88-5F9D-4C4C-AA66-5507A8A1F95A}.Release|x64.Build.0 = Release|x64
		{257BBC88-5F9D-4C4C-AA66-5507A8A1F95A}.Release|x86.ActiveCfg = Release|Win32
		{257BBC88-5F9D-4C4C-AA66-5507A8A1F95A}.Release|x86.Build.0 = Release|Win32
		{A9705034-6F66-4AD4-8066-F9012F1C8C59}.Debug|x64.ActiveCfg = Debug|x64
		{A9705034-6F66-4AD4-8066-F9012F1C8C59}.Debug|x64.Build.0 = Debug|x64
		{A9705034-6F66-4AD4-8066-F9012F1C8C59}.Debug|x86.ActiveCfg = Debug|Win32
		{A9705034-6F66-4AD4-8066-F9012F1C8C59}.Debug|x86.Build.0 = Debug|Win32
		{A9705034-6F66-4AD4-8066-F9012F1C8C59}.Release|x64.ActiveCfg = Release|x64
		{A9705034-6F66-4AD4-8066-F9012F1C8C59}.Release|x64.Build.0 = Release|x64
		{A9705034-6F66-4AD4-8066-F9012F1C8C59}.Release|x86.ActiveCfg = Release|Win32
		{A9705034-6F66-4AD4-8066-F9012F1C8C59}.Release|x86.Build.0 = Release|Win32
		{DF56A83E-FAE4-4F9A-A046-2EFCD000362E}.Debug|x64.ActiveCfg = Debug|x64
		{DF56A83E-FAE4-4F9A-A046-2EFCD000362E}.Debug|x64.Build.0 = Debug|x64
		{DF56A83E-FAE4-4F9A-A046-2EFCD000362E}.Debug|x86.ActiveCfg = Debug|Win32
		{DF56A83E-FAE4-4F9A-A046-2EFCD000362E}.Debug|x86.Build.0 = Debug|Win32
		{DF56A83E-FAE4-4F9A-A046-2EFCD000362E}.Release|x64.ActiveCfg = Release|x64
		{DF56A83E-FAE4-4F9A-A046-2EFCD000362E}.Release|x64.Build.0 = Release|x64
		{DF56A83E-FAE4-4F9A-A046-2EFCD000362E}.Release|x86.ActiveCfg = Release|Win32
		{DF56A83E-FAE4-4F9A-A046-2EFCD000362E}.Release|x86.Build.0 = Release|Win32
	EndGlobalSection
	GlobalSection(SolutionProperties) = preSolution
		HideSolutionNode = FALSE
	EndGlobalSection
EndGlobal
