
Microsoft Visual Studio Solution File, Format Version 12.00
# Visual Studio 14
VisualStudioVersion = 14.0.25420.1
MinimumVisualStudioVersion = 10.0.40219.1
Project("{8BC9CEB8-8B4A-11D0-8D11-00A0C91BC942}") = "tcpClient", "tcpClient\tcpClient.vcxproj", "{557CC55B-B551-440C-AD1C-C5C5FC0D7442}"
EndProject
Project("{8BC9CEB8-8B4A-11D0-8D11-00A0C91BC942}") = "tcpControl", "tcpControl\tcpControl.vcxproj", "{3AB30F72-D41B-4348-BBF5-F7CEC3ECFEF3}"
EndProject
Project("{8BC9CEB8-8B4A-11D0-8D11-00A0C91BC942}") = "tcpServer", "tcpServer\tcpServer.vcxproj", "{257BBC88-5F9D-4C4C-AA66-5507A8A1F95A}"
EndProject
Project("{8BC9CEB8-8B4A-11D0-8D11-00A0C91BC942}") = "kcpServer", "kcpServer\kcpServer.vcxproj", "{CCF2C63E-1AFF-4CBE-90C0-C653557BA369}"
EndProject
Project("{8BC9CEB8-8B4A-11D0-8D11-00A0C91BC942}") = "kcpClient", "kcpClient\kcpClient.vcxproj", "{38535FCC-06AE-42B0-AA22-2BD2552C89AC}"
EndProject
Project("{8BC9CEB8-8B4A-11D0-8D11-00A0C91BC942}") = "kcpControl", "kcpControl\kcpControl.vcxproj", "{056D11A8-B3C7-4897-8A43-02667F78A53F}"
EndProject
Project("{8BC9CEB8-8B4A-11D0-8D11-00A0C91BC942}") = "p2pClient", "p2pClient\p2pClient.vcxproj", "{D8747BE7-FD75-4DBD-BDAB-F1E5FD89AE21}"
EndProject
Global
	GlobalSection(SolutionConfigurationPlatforms) = preSolution
		Debug|x64 = Debug|x64
		Debug|x86 = Debug|x86
		Release|x64 = Release|x64
		Release|x86 = Release|x86
	EndGlobalSection
	GlobalSection(ProjectConfigurationPlatforms) = postSolution
		{557CC55B-B551-440C-AD1C-C5C5FC0D7442}.Debug|x64.ActiveCfg = Debug|x64
		{557CC55B-B551-440C-AD1C-C5C5FC0D7442}.Debug|x64.Build.0 = Debug|x64
		{557CC55B-B551-440C-AD1C-C5C5FC0D7442}.Debug|x86.ActiveCfg = Debug|Win32
		{557CC55B-B551-440C-AD1C-C5C5FC0D7442}.Debug|x86.Build.0 = Debug|Win32
		{557CC55B-B551-440C-AD1C-C5C5FC0D7442}.Release|x64.ActiveCfg = Release|x64
		{557CC55B-B551-440C-AD1C-C5C5FC0D7442}.Release|x64.Build.0 = Release|x64
		{557CC55B-B551-440C-AD1C-C5C5FC0D7442}.Release|x86.ActiveCfg = Release|Win32
		{557CC55B-B551-440C-AD1C-C5C5FC0D7442}.Release|x86.Build.0 = Release|Win32
		{3AB30F72-D41B-4348-BBF5-F7CEC3ECFEF3}.Debug|x64.ActiveCfg = Debug|x64
		{3AB30F72-D41B-4348-BBF5-F7CEC3ECFEF3}.Debug|x64.Build.0 = Debug|x64
		{3AB30F72-D41B-4348-BBF5-F7CEC3ECFEF3}.Debug|x86.ActiveCfg = Debug|Win32
		{3AB30F72-D41B-4348-BBF5-F7CEC3ECFEF3}.Debug|x86.Build.0 = Debug|Win32
		{3AB30F72-D41B-4348-BBF5-F7CEC3ECFEF3}.Release|x64.ActiveCfg = Release|x64
		{3AB30F72-D41B-4348-BBF5-F7CEC3ECFEF3}.Release|x64.Build.0 = Release|x64
		{3AB30F72-D41B-4348-BBF5-F7CEC3ECFEF3}.Release|x86.ActiveCfg = Release|Win32
		{3AB30F72-D41B-4348-BBF5-F7CEC3ECFEF3}.Release|x86.Build.0 = Release|Win32
		{257BBC88-5F9D-4C4C-AA66-5507A8A1F95A}.Debug|x64.ActiveCfg = Debug|x64
		{257BBC88-5F9D-4C4C-AA66-5507A8A1F95A}.Debug|x64.Build.0 = Debug|x64
		{257BBC88-5F9D-4C4C-AA66-5507A8A1F95A}.Debug|x86.ActiveCfg = Debug|Win32
		{257BBC88-5F9D-4C4C-AA66-5507A8A1F95A}.Debug|x86.Build.0 = Debug|Win32
		{257BBC88-5F9D-4C4C-AA66-5507A8A1F95A}.Release|x64.ActiveCfg = Release|x64
		{257BBC88-5F9D-4C4C-AA66-5507A8A1F95A}.Release|x64.Build.0 = Release|x64
		{257BBC88-5F9D-4C4C-AA66-5507A8A1F95A}.Release|x86.ActiveCfg = Release|Win32
		{257BBC88-5F9D-4C4C-AA66-5507A8A1F95A}.Release|x86.Build.0 = Release|Win32
		{CCF2C63E-1AFF-4CBE-90C0-C653557BA369}.Debug|x64.ActiveCfg = Debug|x64
		{CCF2C63E-1AFF-4CBE-90C0-C653557BA369}.Debug|x64.Build.0 = Debug|x64
		{CCF2C63E-1AFF-4CBE-90C0-C653557BA369}.Debug|x86.ActiveCfg = Debug|Win32
		{CCF2C63E-1AFF-4CBE-90C0-C653557BA369}.Debug|x86.Build.0 = Debug|Win32
		{CCF2C63E-1AFF-4CBE-90C0-C653557BA369}.Release|x64.ActiveCfg = Release|x64
		{CCF2C63E-1AFF-4CBE-90C0-C653557BA369}.Release|x64.Build.0 = Release|x64
		{CCF2C63E-1AFF-4CBE-90C0-C653557BA369}.Release|x86.ActiveCfg = Release|Win32
		{CCF2C63E-1AFF-4CBE-90C0-C653557BA369}.Release|x86.Build.0 = Release|Win32
		{38535FCC-06AE-42B0-AA22-2BD2552C89AC}.Debug|x64.ActiveCfg = Debug|x64
		{38535FCC-06AE-42B0-AA22-2BD2552C89AC}.Debug|x64.Build.0 = Debug|x64
		{38535FCC-06AE-42B0-AA22-2BD2552C89AC}.Debug|x86.ActiveCfg = Debug|Win32
		{38535FCC-06AE-42B0-AA22-2BD2552C89AC}.Debug|x86.Build.0 = Debug|Win32
		{38535FCC-06AE-42B0-AA22-2BD2552C89AC}.Release|x64.ActiveCfg = Release|x64
		{38535FCC-06AE-42B0-AA22-2BD2552C89AC}.Release|x64.Build.0 = Release|x64
		{38535FCC-06AE-42B0-AA22-2BD2552C89AC}.Release|x86.ActiveCfg = Release|Win32
		{38535FCC-06AE-42B0-AA22-2BD2552C89AC}.Release|x86.Build.0 = Release|Win32
		{056D11A8-B3C7-4897-8A43-02667F78A53F}.Debug|x64.ActiveCfg = Debug|x64
		{056D11A8-B3C7-4897-8A43-02667F78A53F}.Debug|x64.Build.0 = Debug|x64
		{056D11A8-B3C7-4897-8A43-02667F78A53F}.Debug|x86.ActiveCfg = Debug|Win32
		{056D11A8-B3C7-4897-8A43-02667F78A53F}.Debug|x86.Build.0 = Debug|Win32
		{056D11A8-B3C7-4897-8A43-02667F78A53F}.Release|x64.ActiveCfg = Release|x64
		{056D11A8-B3C7-4897-8A43-02667F78A53F}.Release|x64.Build.0 = Release|x64
		{056D11A8-B3C7-4897-8A43-02667F78A53F}.Release|x86.ActiveCfg = Release|Win32
		{056D11A8-B3C7-4897-8A43-02667F78A53F}.Release|x86.Build.0 = Release|Win32
		{D8747BE7-FD75-4DBD-BDAB-F1E5FD89AE21}.Debug|x64.ActiveCfg = Debug|x64
		{D8747BE7-FD75-4DBD-BDAB-F1E5FD89AE21}.Debug|x64.Build.0 = Debug|x64
		{D8747BE7-FD75-4DBD-BDAB-F1E5FD89AE21}.Debug|x86.ActiveCfg = Debug|Win32
		{D8747BE7-FD75-4DBD-BDAB-F1E5FD89AE21}.Debug|x86.Build.0 = Debug|Win32
		{D8747BE7-FD75-4DBD-BDAB-F1E5FD89AE21}.Release|x64.ActiveCfg = Release|x64
		{D8747BE7-FD75-4DBD-BDAB-F1E5FD89AE21}.Release|x64.Build.0 = Release|x64
		{D8747BE7-FD75-4DBD-BDAB-F1E5FD89AE21}.Release|x86.ActiveCfg = Release|Win32
		{D8747BE7-FD75-4DBD-BDAB-F1E5FD89AE21}.Release|x86.Build.0 = Release|Win32
	EndGlobalSection
	GlobalSection(SolutionProperties) = preSolution
		HideSolutionNode = FALSE
	EndGlobalSection
EndGlobal
