<?xml version="1.0" encoding="utf-8"?>
<Project ToolsVersion="4.0" xmlns="http://schemas.microsoft.com/developer/msbuild/2003">
  <ItemGroup>
    <Filter Include="源文件">
      <UniqueIdentifier>{4FC737F1-C7A5-4376-A066-2A32D752A2FF}</UniqueIdentifier>
      <Extensions>cpp;c;cc;cxx;def;odl;idl;hpj;bat;asm;asmx</Extensions>
    </Filter>
    <Filter Include="libuv">
      <UniqueIdentifier>{93995380-89BD-4b04-88EB-625FBE52EBFB}</UniqueIdentifier>
      <Extensions>h;hh;hpp;hxx;hm;inl;inc;xsd</Extensions>
    </Filter>
    <Filter Include="net_uv">
      <UniqueIdentifier>{67DA6AB6-F800-4c08-8B7A-83BB121AAD01}</UniqueIdentifier>
      <Extensions>rc;ico;cur;bmp;dlg;rc2;rct;bin;rgs;gif;jpg;jpeg;jpe;resx;tiff;tif;png;wav;mfcribbon-ms</Extensions>
    </Filter>
    <Filter Include="libuv\include">
      <UniqueIdentifier>{cf0601b5-5a1f-4579-a8b4-2cec2fde7ccd}</UniqueIdentifier>
    </Filter>
    <Filter Include="libuv\src">
      <UniqueIdentifier>{3cfa1f3d-924e-41e6-9acd-b57fe03434cc}</UniqueIdentifier>
    </Filter>
    <Filter Include="libuv\src\win">
      <UniqueIdentifier>{51001ce8-febb-4f17-a395-81d62de440a5}</UniqueIdentifier>
    </Filter>
    <Filter Include="net_uv\base">
      <UniqueIdentifier>{3cce0dc0-3eff-4a62-920b-7c2ec31a85c4}</UniqueIdentifier>
    </Filter>
    <Filter Include="net_uv\common">
      <UniqueIdentifier>{09690f55-7623-45aa-a577-61e041697f83}</UniqueIdentifier>
    </Filter>
    <Filter Include="net_uv\tcp">
      <UniqueIdentifier>{e2f0face-f6c8-4acc-849f-37d7cbda75c4}</UniqueIdentifier>
    </Filter>
    <Filter Include="net_uv\kcp">
      <UniqueIdentifier>{ad77fd7c-f980-42bc-9703-704a3a6ba28c}</UniqueIdentifier>
    </Filter>
    <Filter Include="net_uv\udp">
      <UniqueIdentifier>{553374a5-8990-4b62-b96a-8a8a286821a2}</UniqueIdentifier>
    </Filter>
    <Filter Include="net_uv\p2p">
      <UniqueIdentifier>{3b103c55-be8c-4867-a648-ede5e834cf51}</UniqueIdentifier>
    </Filter>
  </ItemGroup>
  <ItemGroup>
    <ClCompile Include="testClient.cpp">
      <Filter>源文件</Filter>
    </ClCompile>
    <ClCompile Include="..\common\libuv\src\threadpool.c">
      <Filter>libuv\src</Filter>
    </ClCompile>
    <ClCompile Include="..\common\libuv\src\uv-common.c">
      <Filter>libuv\src</Filter>
    </ClCompile>
    <ClCompile Include="..\common\libuv\src\uv-data-getter-setters.c">
      <Filter>libuv\src</Filter>
    </ClCompile>
    <ClCompile Include="..\common\libuv\src\version.c">
      <Filter>libuv\src</Filter>
    </ClCompile>
    <ClCompile Include="..\common\libuv\src\fs-poll.c">
      <Filter>libuv\src</Filter>
    </ClCompile>
    <ClCompile Include="..\common\libuv\src\inet.c">
      <Filter>libuv\src</Filter>
    </ClCompile>
    <ClCompile Include="..\common\libuv\src\win\fs.c">
      <Filter>libuv\src\win</Filter>
    </ClCompile>
    <ClCompile Include="..\common\libuv\src\win\fs-event.c">
      <Filter>libuv\src\win</Filter>
    </ClCompile>
    <ClCompile Include="..\common\libuv\src\win\getaddrinfo.c">
      <Filter>libuv\src\win</Filter>
    </ClCompile>
    <ClCompile Include="..\common\libuv\src\win\getnameinfo.c">
      <Filter>libuv\src\win</Filter>
    </ClCompile>
    <ClCompile Include="..\common\libuv\src\win\handle.c">
      <Filter>libuv\src\win</Filter>
    </ClCompile>
    <ClCompile Include="..\common\libuv\src\win\loop-watcher.c">
      <Filter>libuv\src\win</Filter>
    </ClCompile>
    <ClCompile Include="..\common\libuv\src\win\pipe.c">
      <Filter>libuv\src\win</Filter>
    </ClCompile>
    <ClCompile Include="..\common\libuv\src\win\poll.c">
      <Filter>libuv\src\win</Filter>
    </ClCompile>
    <ClCompile Include="..\common\libuv\src\win\process.c">
      <Filter>libuv\src\win</Filter>
    </ClCompile>
    <ClCompile Include="..\common\libuv\src\win\process-stdio.c">
      <Filter>libuv\src\win</Filter>
    </ClCompile>
    <ClCompile Include="..\common\libuv\src\win\req.c">
      <Filter>libuv\src\win</Filter>
    </ClCompile>
    <ClCompile Include="..\common\libuv\src\win\signal.c">
      <Filter>libuv\src\win</Filter>
    </ClCompile>
    <ClCompile Include="..\common\libuv\src\win\snprintf.c">
      <Filter>libuv\src\win</Filter>
    </ClCompile>
    <ClCompile Include="..\common\libuv\src\win\stream.c">
      <Filter>libuv\src\win</Filter>
    </ClCompile>
    <ClCompile Include="..\common\libuv\src\win\tcp.c">
      <Filter>libuv\src\win</Filter>
    </ClCompile>
    <ClCompile Include="..\common\libuv\src\win\thread.c">
      <Filter>libuv\src\win</Filter>
    </ClCompile>
    <ClCompile Include="..\common\libuv\src\win\timer.c">
      <Filter>libuv\src\win</Filter>
    </ClCompile>
    <ClCompile Include="..\common\libuv\src\win\tty.c">
      <Filter>libuv\src\win</Filter>
    </ClCompile>
    <ClCompile Include="..\common\libuv\src\win\udp.c">
      <Filter>libuv\src\win</Filter>
    </ClCompile>
    <ClCompile Include="..\common\libuv\src\win\util.c">
      <Filter>libuv\src\win</Filter>
    </ClCompile>
    <ClCompile Include="..\common\libuv\src\win\winapi.c">
      <Filter>libuv\src\win</Filter>
    </ClCompile>
    <ClCompile Include="..\common\libuv\src\win\winsock.c">
      <Filter>libuv\src\win</Filter>
    </ClCompile>
    <ClCompile Include="..\common\libuv\src\win\async.c">
      <Filter>libuv\src\win</Filter>
    </ClCompile>
    <ClCompile Include="..\common\libuv\src\win\core.c">
      <Filter>libuv\src\win</Filter>
    </ClCompile>
    <ClCompile Include="..\common\libuv\src\win\detect-wakeup.c">
      <Filter>libuv\src\win</Filter>
    </ClCompile>
    <ClCompile Include="..\common\libuv\src\win\dl.c">
      <Filter>libuv\src\win</Filter>
    </ClCompile>
    <ClCompile Include="..\common\libuv\src\win\error.c">
      <Filter>libuv\src\win</Filter>
    </ClCompile>
    <ClCompile Include="..\common\net_uv\base\Mutex.cpp">
      <Filter>net_uv\base</Filter>
    </ClCompile>
    <ClCompile Include="..\common\net_uv\base\Runnable.cpp">
      <Filter>net_uv\base</Filter>
    </ClCompile>
    <ClCompile Include="..\common\net_uv\base\Server.cpp">
      <Filter>net_uv\base</Filter>
    </ClCompile>
    <ClCompile Include="..\common\net_uv\base\Session.cpp">
      <Filter>net_uv\base</Filter>
    </ClCompile>
    <ClCompile Include="..\common\net_uv\base\SessionManager.cpp">
      <Filter>net_uv\base</Filter>
    </ClCompile>
    <ClCompile Include="..\common\net_uv\base\Socket.cpp">
      <Filter>net_uv\base</Filter>
    </ClCompile>
    <ClCompile Include="..\common\net_uv\base\Client.cpp">
      <Filter>net_uv\base</Filter>
    </ClCompile>
    <ClCompile Include="..\common\net_uv\base\Common.cpp">
      <Filter>net_uv\base</Filter>
    </ClCompile>
    <ClCompile Include="..\common\net_uv\base\md5.cpp">
      <Filter>net_uv\base</Filter>
    </ClCompile>
    <ClCompile Include="..\common\net_uv\kcp\KCPServer.cpp">
      <Filter>net_uv\kcp</Filter>
    </ClCompile>
    <ClCompile Include="..\common\net_uv\kcp\KCPSession.cpp">
      <Filter>net_uv\kcp</Filter>
    </ClCompile>
    <ClCompile Include="..\common\net_uv\kcp\KCPSocket.cpp">
      <Filter>net_uv\kcp</Filter>
    </ClCompile>
    <ClCompile Include="..\common\net_uv\kcp\KCPSocketManager.cpp">
      <Filter>net_uv\kcp</Filter>
    </ClCompile>
    <ClCompile Include="..\common\net_uv\kcp\KCPUtils.cpp">
      <Filter>net_uv\kcp</Filter>
    </ClCompile>
    <ClCompile Include="..\common\net_uv\kcp\ikcp.c">
      <Filter>net_uv\kcp</Filter>
    </ClCompile>
    <ClCompile Include="..\common\net_uv\kcp\KCPClient.cpp">
      <Filter>net_uv\kcp</Filter>
    </ClCompile>
    <ClCompile Include="..\common\net_uv\tcp\TCPSession.cpp">
      <Filter>net_uv\tcp</Filter>
    </ClCompile>
    <ClCompile Include="..\common\net_uv\tcp\TCPSocket.cpp">
      <Filter>net_uv\tcp</Filter>
    </ClCompile>
    <ClCompile Include="..\common\net_uv\tcp\TCPUtils.cpp">
      <Filter>net_uv\tcp</Filter>
    </ClCompile>
    <ClCompile Include="..\common\net_uv\tcp\TCPClient.cpp">
      <Filter>net_uv\tcp</Filter>
    </ClCompile>
    <ClCompile Include="..\common\net_uv\tcp\TCPServer.cpp">
      <Filter>net_uv\tcp</Filter>
    </ClCompile>
    <ClCompile Include="..\common\net_uv\base\Misc.cpp">
      <Filter>net_uv\base</Filter>
    </ClCompile>
    <ClCompile Include="..\common\net_uv\udp\UDPSocket.cpp">
      <Filter>net_uv\udp</Filter>
    </ClCompile>
    <ClCompile Include="..\common\net_uv\p2p\Turn.cpp">
      <Filter>net_uv\p2p</Filter>
    </ClCompile>
  </ItemGroup>
  <ItemGroup>
    <ClInclude Include="..\common\libuv\include\tree.h">
      <Filter>libuv\include</Filter>
    </ClInclude>
    <ClInclude Include="..\common\libuv\include\uv.h">
      <Filter>libuv\include</Filter>
    </ClInclude>
    <ClInclude Include="..\common\libuv\include\uv-aix.h">
      <Filter>libuv\include</Filter>
    </ClInclude>
    <ClInclude Include="..\common\libuv\include\uv-bsd.h">
      <Filter>libuv\include</Filter>
    </ClInclude>
    <ClInclude Include="..\common\libuv\include\uv-darwin.h">
      <Filter>libuv\include</Filter>
    </ClInclude>
    <ClInclude Include="..\common\libuv\include\uv-errno.h">
      <Filter>libuv\include</Filter>
    </ClInclude>
    <ClInclude Include="..\common\libuv\include\uv-linux.h">
      <Filter>libuv\include</Filter>
    </ClInclude>
    <ClInclude Include="..\common\libuv\include\uv-os390.h">
      <Filter>libuv\include</Filter>
    </ClInclude>
    <ClInclude Include="..\common\libuv\include\uv-posix.h">
      <Filter>libuv\include</Filter>
    </ClInclude>
    <ClInclude Include="..\common\libuv\include\uv-sunos.h">
      <Filter>libuv\include</Filter>
    </ClInclude>
    <ClInclude Include="..\common\libuv\include\uv-threadpool.h">
      <Filter>libuv\include</Filter>
    </ClInclude>
    <ClInclude Include="..\common\libuv\include\uv-unix.h">
      <Filter>libuv\include</Filter>
    </ClInclude>
    <ClInclude Include="..\common\libuv\include\uv-version.h">
      <Filter>libuv\include</Filter>
    </ClInclude>
    <ClInclude Include="..\common\libuv\include\uv-win.h">
      <Filter>libuv\include</Filter>
    </ClInclude>
    <ClInclude Include="..\common\libuv\include\android-ifaddrs.h">
      <Filter>libuv\include</Filter>
    </ClInclude>
    <ClInclude Include="..\common\libuv\include\pthread-barrier.h">
      <Filter>libuv\include</Filter>
    </ClInclude>
    <ClInclude Include="..\common\libuv\include\stdint-msvc2008.h">
      <Filter>libuv\include</Filter>
    </ClInclude>
    <ClInclude Include="..\common\libuv\src\uv-common.h">
      <Filter>libuv\src</Filter>
    </ClInclude>
    <ClInclude Include="..\common\libuv\src\heap-inl.h">
      <Filter>libuv\src</Filter>
    </ClInclude>
    <ClInclude Include="..\common\libuv\src\queue.h">
      <Filter>libuv\src</Filter>
    </ClInclude>
    <ClInclude Include="..\common\libuv\src\win\handle-inl.h">
      <Filter>libuv\src\win</Filter>
    </ClInclude>
    <ClInclude Include="..\common\libuv\src\win\internal.h">
      <Filter>libuv\src\win</Filter>
    </ClInclude>
    <ClInclude Include="..\common\libuv\src\win\req-inl.h">
      <Filter>libuv\src\win</Filter>
    </ClInclude>
    <ClInclude Include="..\common\libuv\src\win\stream-inl.h">
      <Filter>libuv\src\win</Filter>
    </ClInclude>
    <ClInclude Include="..\common\libuv\src\win\winapi.h">
      <Filter>libuv\src\win</Filter>
    </ClInclude>
    <ClInclude Include="..\common\libuv\src\win\winsock.h">
      <Filter>libuv\src\win</Filter>
    </ClInclude>
    <ClInclude Include="..\common\libuv\src\win\atomicops-inl.h">
      <Filter>libuv\src\win</Filter>
    </ClInclude>
    <ClInclude Include="..\common\net_uv\base\md5.h">
      <Filter>net_uv\base</Filter>
    </ClInclude>
    <ClInclude Include="..\common\net_uv\base\Mutex.h">
      <Filter>net_uv\base</Filter>
    </ClInclude>
    <ClInclude Include="..\common\net_uv\base\Runnable.h">
      <Filter>net_uv\base</Filter>
    </ClInclude>
    <ClInclude Include="..\common\net_uv\base\Server.h">
      <Filter>net_uv\base</Filter>
    </ClInclude>
    <ClInclude Include="..\common\net_uv\base\Session.h">
      <Filter>net_uv\base</Filter>
    </ClInclude>
    <ClInclude Include="..\common\net_uv\base\SessionManager.h">
      <Filter>net_uv\base</Filter>
    </ClInclude>
    <ClInclude Include="..\common\net_uv\base\Socket.h">
      <Filter>net_uv\base</Filter>
    </ClInclude>
    <ClInclude Include="..\common\net_uv\base\Buffer.h">
      <Filter>net_uv\base</Filter>
    </ClInclude>
    <ClInclude Include="..\common\net_uv\base\Client.h">
      <Filter>net_uv\base</Filter>
    </ClInclude>
    <ClInclude Include="..\common\net_uv\base\Common.h">
      <Filter>net_uv\base</Filter>
    </ClInclude>
    <ClInclude Include="..\common\net_uv\base\Config.h">
      <Filter>net_uv\base</Filter>
    </ClInclude>
    <ClInclude Include="..\common\net_uv\base\Macros.h">
      <Filter>net_uv\base</Filter>
    </ClInclude>
    <ClInclude Include="..\common\net_uv\common\NetUVThreadMsg.h">
      <Filter>net_uv\common</Filter>
    </ClInclude>
    <ClInclude Include="..\common\net_uv\kcp\KCPClient.h">
      <Filter>net_uv\kcp</Filter>
    </ClInclude>
    <ClInclude Include="..\common\net_uv\kcp\KCPCommon.h">
      <Filter>net_uv\kcp</Filter>
    </ClInclude>
    <ClInclude Include="..\common\net_uv\kcp\KCPConfig.h">
      <Filter>net_uv\kcp</Filter>
    </ClInclude>
    <ClInclude Include="..\common\net_uv\kcp\KCPServer.h">
      <Filter>net_uv\kcp</Filter>
    </ClInclude>
    <ClInclude Include="..\common\net_uv\kcp\KCPSession.h">
      <Filter>net_uv\kcp</Filter>
    </ClInclude>
    <ClInclude Include="..\common\net_uv\kcp\KCPSocket.h">
      <Filter>net_uv\kcp</Filter>
    </ClInclude>
    <ClInclude Include="..\common\net_uv\kcp\KCPSocketManager.h">
      <Filter>net_uv\kcp</Filter>
    </ClInclude>
    <ClInclude Include="..\common\net_uv\kcp\KCPUtils.h">
      <Filter>net_uv\kcp</Filter>
    </ClInclude>
    <ClInclude Include="..\common\net_uv\kcp\ikcp.h">
      <Filter>net_uv\kcp</Filter>
    </ClInclude>
    <ClInclude Include="..\common\net_uv\tcp\TCPSession.h">
      <Filter>net_uv\tcp</Filter>
    </ClInclude>
    <ClInclude Include="..\common\net_uv\tcp\TCPSocket.h">
      <Filter>net_uv\tcp</Filter>
    </ClInclude>
    <ClInclude Include="..\common\net_uv\tcp\TCPUtils.h">
      <Filter>net_uv\tcp</Filter>
    </ClInclude>
    <ClInclude Include="..\common\net_uv\tcp\TCPClient.h">
      <Filter>net_uv\tcp</Filter>
    </ClInclude>
    <ClInclude Include="..\common\net_uv\tcp\TCPCommon.h">
      <Filter>net_uv\tcp</Filter>
    </ClInclude>
    <ClInclude Include="..\common\net_uv\tcp\TCPConfig.h">
      <Filter>net_uv\tcp</Filter>
    </ClInclude>
    <ClInclude Include="..\common\net_uv\tcp\TCPServer.h">
      <Filter>net_uv\tcp</Filter>
    </ClInclude>
    <ClInclude Include="..\common\net_uv\base\Misc.h">
      <Filter>net_uv\base</Filter>
    </ClInclude>
    <ClInclude Include="..\common\net_uv\net_uv.h">
      <Filter>net_uv</Filter>
    </ClInclude>
    <ClInclude Include="..\common\net_uv\common\NetHeart.h">
      <Filter>net_uv\common</Filter>
    </ClInclude>
    <ClInclude Include="..\common\net_uv\udp\UDPSocket.h">
      <Filter>net_uv\udp</Filter>
    </ClInclude>
    <ClInclude Include="..\common\net_uv\p2p\Turn.h">
      <Filter>net_uv\p2p</Filter>
    </ClInclude>
    <ClInclude Include="..\common\net_uv\p2p\P2PCommon.h">
      <Filter>net_uv\p2p</Filter>
    </ClInclude>
    <ClInclude Include="..\common\net_uv\p2p\P2PMessage.h">
      <Filter>net_uv\p2p</Filter>
    </ClInclude>
  </ItemGroup>
</Project>